
Microsoft Visual Studio Solution File, Format Version 12.00
# Visual Studio Version 17
VisualStudioVersion = 17.14.36414.22 d17.14
MinimumVisualStudioVersion = 10.0.40219.1
Project("{FAE04EC0-301F-11D3-BF4B-00C04F79EFBC}") = "Ejercicio1", "Ejercicio1\Ejercicio1.csproj", "{34396AFD-D06F-4FC2-AEB0-6BEE99C0790A}"
EndProject
Global
	GlobalSection(SolutionConfigurationPlatforms) = preSolution
		Debug|Any CPU = Debug|Any CPU
		Release|Any CPU = Release|Any CPU
	EndGlobalSection
	GlobalSection(ProjectConfigurationPlatforms) = postSolution
		{34396AFD-D06F-4FC2-AEB0-6BEE99C0790A}.Debug|Any CPU.ActiveCfg = Debug|Any CPU
		{34396AFD-D06F-4FC2-AEB0-6BEE99C0790A}.Debug|Any CPU.Build.0 = Debug|Any CPU
		{34396AFD-D06F-4FC2-AEB0-6BEE99C0790A}.Release|Any CPU.ActiveCfg = Release|Any CPU
		{34396AFD-D06F-4FC2-AEB0-6BEE99C0790A}.Release|Any CPU.Build.0 = Release|Any CPU
	EndGlobalSection
	GlobalSection(SolutionProperties) = preSolution
		HideSolutionNode = FALSE
	EndGlobalSection
	GlobalSection(ExtensibilityGlobals) = postSolution
		SolutionGuid = {E8B8EBD4-9AA1-462C-8135-BEF9F61BFC49}
	EndGlobalSection
EndGlobal
